
Microsoft Visual Studio Solution File, Format Version 12.00
# Visual Studio Version 17
VisualStudioVersion = 17.11.35303.130
MinimumVisualStudioVersion = 10.0.40219.1
Project("{2150E333-8FDC-42A3-9474-1A3956D46DE8}") = "Task0", "Task0", "{9C053067-08F2-4EDB-A0D4-45351842D28C}"
EndProject
Project("{9A19103F-16F7-4668-BE54-9A1E7A4F7556}") = "Tyuiu.SizikovSS.Sprint0.Task0.V0", "Tyuiu.SizikovSS.Sprint0.Task0.V0\Tyuiu.SizikovSS.Sprint0.Task0.V0.csproj", "{6158D242-CAC9-426B-A2F1-DD2AE406CD82}"
EndProject
Project("{2150E333-8FDC-42A3-9474-1A3956D46DE8}") = "Task1", "Task1", "{08CA4F18-EA3B-4D35-87C0-DB4766BD759B}"
EndProject
Project("{9A19103F-16F7-4668-BE54-9A1E7A4F7556}") = "Tyuiu.SizikovSS.Sprint0.Task1.V0", "Tyuiu.SizikovSS.Sprint0.Task1.V0\Tyuiu.SizikovSS.Sprint0.Task1.V0.csproj", "{395C5E3B-A26F-46E0-8B96-8E3BE8997638}"
EndProject
Project("{2150E333-8FDC-42A3-9474-1A3956D46DE8}") = "Task2", "Task2", "{AB4FFA07-826E-4FEB-90CC-A3029830F56E}"
EndProject
Project("{9A19103F-16F7-4668-BE54-9A1E7A4F7556}") = "Tyuiu.SizikovSS.Sprint0.Task2.V0", "Tyuiu.SizikovSS.Sprint0.Task2.V0\Tyuiu.SizikovSS.Sprint0.Task2.V0.csproj", "{934A9053-1930-497C-A288-60AB938971E4}"
EndProject
Project("{9A19103F-16F7-4668-BE54-9A1E7A4F7556}") = "Tyuiu.SizikovSS.Sprint0.Task2.V0.Test", "Tyuiu.SizikovSS.Sprint0.Task2.V0.Test\Tyuiu.SizikovSS.Sprint0.Task2.V0.Test.csproj", "{B7A7E8F6-991B-4B51-BDD9-7C23B94C9E1C}"
EndProject
Project("{9A19103F-16F7-4668-BE54-9A1E7A4F7556}") = "Tyuiu.SizikovSS.Sprint0.Task2.V0.Lib", "Tyuiu.SizikovSS.Sprint0.Task2.V0.Lib\Tyuiu.SizikovSS.Sprint0.Task2.V0.Lib.csproj", "{CF3EB694-A279-4009-96B7-41DCE3A9FAD6}"
EndProject
Project("{2150E333-8FDC-42A3-9474-1A3956D46DE8}") = "Task3", "Task3", "{B521C768-8502-438A-973E-4B1B05F68EB2}"
EndProject
Project("{9A19103F-16F7-4668-BE54-9A1E7A4F7556}") = "Tyuiu.SizikovSS.Sprint0.Task3.V0", "Tyuiu.SizikovSS.Sprint0.Task3.V0\Tyuiu.SizikovSS.Sprint0.Task3.V0.csproj", "{6C642094-6A98-44DB-9C1B-AECD0D157C31}"
EndProject
Project("{9A19103F-16F7-4668-BE54-9A1E7A4F7556}") = "Tyuiu.SizikovSS.Sprint0.Task3.V0.Lib", "Tyuiu.SizikovSS.Sprint0.Task3.V0.Lib\Tyuiu.SizikovSS.Sprint0.Task3.V0.Lib.csproj", "{584D2068-8B46-42F3-98F2-552439E6E0B1}"
EndProject
Project("{9A19103F-16F7-4668-BE54-9A1E7A4F7556}") = "Tyuiu.SizikovSS.Sprint0.Task3.V0.Test", "Tyuiu.SizikovSS.Sprint0.Task3.V0.Test\Tyuiu.SizikovSS.Sprint0.Task3.V0.Test.csproj", "{8F0B0096-3B34-438F-B5DC-FAD2BB655648}"
EndProject
Project("{2150E333-8FDC-42A3-9474-1A3956D46DE8}") = "Task4", "Task4", "{A0247CAA-C1AD-46EF-83DB-CA50F6157335}"
EndProject
Project("{9A19103F-16F7-4668-BE54-9A1E7A4F7556}") = "Tyuiu.SizikovSS.Sprint0.Task4.V0", "Tyuiu.SizikovSS.Sprint0.Task4.V0\Tyuiu.SizikovSS.Sprint0.Task4.V0.csproj", "{146287F3-5023-48AB-A592-BD75B7F10A1A}"
EndProject
Project("{9A19103F-16F7-4668-BE54-9A1E7A4F7556}") = "Tyuiu.SizikovSS.Sprint0.Task4.V0.Lib", "Tyuiu.SizikovSS.Sprint0.Task4.V0.Lib\Tyuiu.SizikovSS.Sprint0.Task4.V0.Lib.csproj", "{6875E7DE-CDC3-4993-8E85-3AE6157DFF90}"
EndProject
Project("{9A19103F-16F7-4668-BE54-9A1E7A4F7556}") = "Tyuiu.SizikovSS.Sprint0.Task4.V0.Test", "Tyuiu.SizikovSS.Sprint0.Task4.V0.Test\Tyuiu.SizikovSS.Sprint0.Task4.V0.Test.csproj", "{D3D714A8-5A58-4243-BF9E-A7EF4EA4AF58}"
EndProject
Project("{2150E333-8FDC-42A3-9474-1A3956D46DE8}") = "Task5", "Task5", "{36418439-39C3-49F7-B0DA-EAC9ACF195A6}"
EndProject
Project("{9A19103F-16F7-4668-BE54-9A1E7A4F7556}") = "Tyuiu.SizikovSS.Sprint0.Task5.V0", "Tyuiu.SizikovSS.Sprint0.Task5.V0\Tyuiu.SizikovSS.Sprint0.Task5.V0.csproj", "{C8D792BB-7CCD-4DB8-9AE4-FB245FCDBE82}"
EndProject
Project("{9A19103F-16F7-4668-BE54-9A1E7A4F7556}") = "Tyuiu.SizikovSS.Sprint0.Task5.V0.Lib", "Tyuiu.SizikovSS.Sprint0.Task5.V0.Lib\Tyuiu.SizikovSS.Sprint0.Task5.V0.Lib.csproj", "{3501A4AB-11A9-4864-BA0F-5934CB3F7AA6}"
EndProject
Project("{9A19103F-16F7-4668-BE54-9A1E7A4F7556}") = "Tyuiu.SizikovSS.Sprint0.Task5.V0.Test", "Tyuiu.SizikovSS.Sprint0.Task5.V0.Test\Tyuiu.SizikovSS.Sprint0.Task5.V0.Test.csproj", "{0B322EF0-E9F0-4531-B0BE-2322DDA75048}"
EndProject
Project("{2150E333-8FDC-42A3-9474-1A3956D46DE8}") = "Task6", "Task6", "{91B9B5B6-4C17-42CB-B6F4-9457AE08475E}"
EndProject
Project("{9A19103F-16F7-4668-BE54-9A1E7A4F7556}") = "Tyuiu.SizikovSS.Sprint0.Task6.V0", "Tyuiu.SizikovSS.Sprint0.Task6.V0\Tyuiu.SizikovSS.Sprint0.Task6.V0.csproj", "{ADAAE821-ED1E-4A6F-8D8B-CE7F65D2ABE0}"
EndProject
Project("{9A19103F-16F7-4668-BE54-9A1E7A4F7556}") = "Tyuiu.SizikovSS.Sprint0.Task6.V0.Lib", "Tyuiu.SizikovSS.Sprint0.Task6.V0.Lib\Tyuiu.SizikovSS.Sprint0.Task6.V0.Lib.csproj", "{5A909EF4-FAAF-4956-8B94-737064DF98A1}"
EndProject
Project("{9A19103F-16F7-4668-BE54-9A1E7A4F7556}") = "Tyuiu.SizikovSS.Sprint0.Task6.V0.Test", "Tyuiu.SizikovSS.Sprint0.Task6.V0.Test\Tyuiu.SizikovSS.Sprint0.Task6.V0.Test.csproj", "{6129D60C-0E73-4394-8C73-3FD9626DC161}"
EndProject
Project("{2150E333-8FDC-42A3-9474-1A3956D46DE8}") = "Task7", "Task7", "{F20C799C-DA0D-49D8-A4D8-E89568963CA9}"
EndProject
Project("{FAE04EC0-301F-11D3-BF4B-00C04F79EFBC}") = "Tyuiu.SizikovSS.Sprint0.Task7.V0", "Tyuiu.SizikovSS.Sprint0.Task7.V0\Tyuiu.SizikovSS.Sprint0.Task7.V0.csproj", "{68738DB4-759B-41C7-B8F2-B35CFFAA5385}"
EndProject
Project("{FAE04EC0-301F-11D3-BF4B-00C04F79EFBC}") = "Tyuiu.SizikovSS.Sprint0.Task7.V0.Lib", "Tyuiu.SizikovSS.Sprint0.Task7.V0.Lib\Tyuiu.SizikovSS.Sprint0.Task7.V0.Lib.csproj", "{405F3472-D8FF-464C-8A09-A7976FF8BB10}"
EndProject
Project("{FAE04EC0-301F-11D3-BF4B-00C04F79EFBC}") = "Tyuiu.SizikovSS.Sprint0.Task7.V0.Test", "Tyuiu.SizikovSS.Sprint0.Task7.V0.Test\Tyuiu.SizikovSS.Sprint0.Task7.V0.Test.csproj", "{A050FCA3-2DA0-4DA6-963F-BC8139F925D7}"
EndProject
Global
	GlobalSection(SolutionConfigurationPlatforms) = preSolution
		Debug|Any CPU = Debug|Any CPU
		Release|Any CPU = Release|Any CPU
	EndGlobalSection
	GlobalSection(ProjectConfigurationPlatforms) = postSolution
		{6158D242-CAC9-426B-A2F1-DD2AE406CD82}.Debug|Any CPU.ActiveCfg = Debug|Any CPU
		{6158D242-CAC9-426B-A2F1-DD2AE406CD82}.Debug|Any CPU.Build.0 = Debug|Any CPU
		{6158D242-CAC9-426B-A2F1-DD2AE406CD82}.Release|Any CPU.ActiveCfg = Release|Any CPU
		{6158D242-CAC9-426B-A2F1-DD2AE406CD82}.Release|Any CPU.Build.0 = Release|Any CPU
		{395C5E3B-A26F-46E0-8B96-8E3BE8997638}.Debug|Any CPU.ActiveCfg = Debug|Any CPU
		{395C5E3B-A26F-46E0-8B96-8E3BE8997638}.Debug|Any CPU.Build.0 = Debug|Any CPU
		{395C5E3B-A26F-46E0-8B96-8E3BE8997638}.Release|Any CPU.ActiveCfg = Release|Any CPU
		{395C5E3B-A26F-46E0-8B96-8E3BE8997638}.Release|Any CPU.Build.0 = Release|Any CPU
		{934A9053-1930-497C-A288-60AB938971E4}.Debug|Any CPU.ActiveCfg = Debug|Any CPU
		{934A9053-1930-497C-A288-60AB938971E4}.Debug|Any CPU.Build.0 = Debug|Any CPU
		{934A9053-1930-497C-A288-60AB938971E4}.Release|Any CPU.ActiveCfg = Release|Any CPU
		{934A9053-1930-497C-A288-60AB938971E4}.Release|Any CPU.Build.0 = Release|Any CPU
		{B7A7E8F6-991B-4B51-BDD9-7C23B94C9E1C}.Debug|Any CPU.ActiveCfg = Debug|Any CPU
		{B7A7E8F6-991B-4B51-BDD9-7C23B94C9E1C}.Debug|Any CPU.Build.0 = Debug|Any CPU
		{B7A7E8F6-991B-4B51-BDD9-7C23B94C9E1C}.Release|Any CPU.ActiveCfg = Release|Any CPU
		{B7A7E8F6-991B-4B51-BDD9-7C23B94C9E1C}.Release|Any CPU.Build.0 = Release|Any CPU
		{CF3EB694-A279-4009-96B7-41DCE3A9FAD6}.Debug|Any CPU.ActiveCfg = Debug|Any CPU
		{CF3EB694-A279-4009-96B7-41DCE3A9FAD6}.Debug|Any CPU.Build.0 = Debug|Any CPU
		{CF3EB694-A279-4009-96B7-41DCE3A9FAD6}.Release|Any CPU.ActiveCfg = Release|Any CPU
		{CF3EB694-A279-4009-96B7-41DCE3A9FAD6}.Release|Any CPU.Build.0 = Release|Any CPU
		{6C642094-6A98-44DB-9C1B-AECD0D157C31}.Debug|Any CPU.ActiveCfg = Debug|Any CPU
		{6C642094-6A98-44DB-9C1B-AECD0D157C31}.Debug|Any CPU.Build.0 = Debug|Any CPU
		{6C642094-6A98-44DB-9C1B-AECD0D157C31}.Release|Any CPU.ActiveCfg = Release|Any CPU
		{6C642094-6A98-44DB-9C1B-AECD0D157C31}.Release|Any CPU.Build.0 = Release|Any CPU
		{584D2068-8B46-42F3-98F2-552439E6E0B1}.Debug|Any CPU.ActiveCfg = Debug|Any CPU
		{584D2068-8B46-42F3-98F2-552439E6E0B1}.Debug|Any CPU.Build.0 = Debug|Any CPU
		{584D2068-8B46-42F3-98F2-552439E6E0B1}.Release|Any CPU.ActiveCfg = Release|Any CPU
		{584D2068-8B46-42F3-98F2-552439E6E0B1}.Release|Any CPU.Build.0 = Release|Any CPU
		{8F0B0096-3B34-438F-B5DC-FAD2BB655648}.Debug|Any CPU.ActiveCfg = Debug|Any CPU
		{8F0B0096-3B34-438F-B5DC-FAD2BB655648}.Debug|Any CPU.Build.0 = Debug|Any CPU
		{8F0B0096-3B34-438F-B5DC-FAD2BB655648}.Release|Any CPU.ActiveCfg = Release|Any CPU
		{8F0B0096-3B34-438F-B5DC-FAD2BB655648}.Release|Any CPU.Build.0 = Release|Any CPU
		{146287F3-5023-48AB-A592-BD75B7F10A1A}.Debug|Any CPU.ActiveCfg = Debug|Any CPU
		{146287F3-5023-48AB-A592-BD75B7F10A1A}.Debug|Any CPU.Build.0 = Debug|Any CPU
		{146287F3-5023-48AB-A592-BD75B7F10A1A}.Release|Any CPU.ActiveCfg = Release|Any CPU
		{146287F3-5023-48AB-A592-BD75B7F10A1A}.Release|Any CPU.Build.0 = Release|Any CPU
		{6875E7DE-CDC3-4993-8E85-3AE6157DFF90}.Debug|Any CPU.ActiveCfg = Debug|Any CPU
		{6875E7DE-CDC3-4993-8E85-3AE6157DFF90}.Debug|Any CPU.Build.0 = Debug|Any CPU
		{6875E7DE-CDC3-4993-8E85-3AE6157DFF90}.Release|Any CPU.ActiveCfg = Release|Any CPU
		{6875E7DE-CDC3-4993-8E85-3AE6157DFF90}.Release|Any CPU.Build.0 = Release|Any CPU
		{D3D714A8-5A58-4243-BF9E-A7EF4EA4AF58}.Debug|Any CPU.ActiveCfg = Debug|Any CPU
		{D3D714A8-5A58-4243-BF9E-A7EF4EA4AF58}.Debug|Any CPU.Build.0 = Debug|Any CPU
		{D3D714A8-5A58-4243-BF9E-A7EF4EA4AF58}.Release|Any CPU.ActiveCfg = Release|Any CPU
		{D3D714A8-5A58-4243-BF9E-A7EF4EA4AF58}.Release|Any CPU.Build.0 = Release|Any CPU
		{C8D792BB-7CCD-4DB8-9AE4-FB245FCDBE82}.Debug|Any CPU.ActiveCfg = Debug|Any CPU
		{C8D792BB-7CCD-4DB8-9AE4-FB245FCDBE82}.Debug|Any CPU.Build.0 = Debug|Any CPU
		{C8D792BB-7CCD-4DB8-9AE4-FB245FCDBE82}.Release|Any CPU.ActiveCfg = Release|Any CPU
		{C8D792BB-7CCD-4DB8-9AE4-FB245FCDBE82}.Release|Any CPU.Build.0 = Release|Any CPU
		{3501A4AB-11A9-4864-BA0F-5934CB3F7AA6}.Debug|Any CPU.ActiveCfg = Debug|Any CPU
		{3501A4AB-11A9-4864-BA0F-5934CB3F7AA6}.Debug|Any CPU.Build.0 = Debug|Any CPU
		{3501A4AB-11A9-4864-BA0F-5934CB3F7AA6}.Release|Any CPU.ActiveCfg = Release|Any CPU
		{3501A4AB-11A9-4864-BA0F-5934CB3F7AA6}.Release|Any CPU.Build.0 = Release|Any CPU
		{0B322EF0-E9F0-4531-B0BE-2322DDA75048}.Debug|Any CPU.ActiveCfg = Debug|Any CPU
		{0B322EF0-E9F0-4531-B0BE-2322DDA75048}.Debug|Any CPU.Build.0 = Debug|Any CPU
		{0B322EF0-E9F0-4531-B0BE-2322DDA75048}.Release|Any CPU.ActiveCfg = Release|Any CPU
		{0B322EF0-E9F0-4531-B0BE-2322DDA75048}.Release|Any CPU.Build.0 = Release|Any CPU
		{ADAAE821-ED1E-4A6F-8D8B-CE7F65D2ABE0}.Debug|Any CPU.ActiveCfg = Debug|Any CPU
		{ADAAE821-ED1E-4A6F-8D8B-CE7F65D2ABE0}.Debug|Any CPU.Build.0 = Debug|Any CPU
		{ADAAE821-ED1E-4A6F-8D8B-CE7F65D2ABE0}.Release|Any CPU.ActiveCfg = Release|Any CPU
		{ADAAE821-ED1E-4A6F-8D8B-CE7F65D2ABE0}.Release|Any CPU.Build.0 = Release|Any CPU
		{5A909EF4-FAAF-4956-8B94-737064DF98A1}.Debug|Any CPU.ActiveCfg = Debug|Any CPU
		{5A909EF4-FAAF-4956-8B94-737064DF98A1}.Debug|Any CPU.Build.0 = Debug|Any CPU
		{5A909EF4-FAAF-4956-8B94-737064DF98A1}.Release|Any CPU.ActiveCfg = Release|Any CPU
		{5A909EF4-FAAF-4956-8B94-737064DF98A1}.Release|Any CPU.Build.0 = Release|Any CPU
		{6129D60C-0E73-4394-8C73-3FD9626DC161}.Debug|Any CPU.ActiveCfg = Debug|Any CPU
		{6129D60C-0E73-4394-8C73-3FD9626DC161}.Debug|Any CPU.Build.0 = Debug|Any CPU
		{6129D60C-0E73-4394-8C73-3FD9626DC161}.Release|Any CPU.ActiveCfg = Release|Any CPU
		{6129D60C-0E73-4394-8C73-3FD9626DC161}.Release|Any CPU.Build.0 = Release|Any CPU
		{68738DB4-759B-41C7-B8F2-B35CFFAA5385}.Debug|Any CPU.ActiveCfg = Debug|Any CPU
		{68738DB4-759B-41C7-B8F2-B35CFFAA5385}.Debug|Any CPU.Build.0 = Debug|Any CPU
		{68738DB4-759B-41C7-B8F2-B35CFFAA5385}.Release|Any CPU.ActiveCfg = Release|Any CPU
		{68738DB4-759B-41C7-B8F2-B35CFFAA5385}.Release|Any CPU.Build.0 = Release|Any CPU
		{405F3472-D8FF-464C-8A09-A7976FF8BB10}.Debug|Any CPU.ActiveCfg = Debug|Any CPU
		{405F3472-D8FF-464C-8A09-A7976FF8BB10}.Debug|Any CPU.Build.0 = Debug|Any CPU
		{405F3472-D8FF-464C-8A09-A7976FF8BB10}.Release|Any CPU.ActiveCfg = Release|Any CPU
		{405F3472-D8FF-464C-8A09-A7976FF8BB10}.Release|Any CPU.Build.0 = Release|Any CPU
		{A050FCA3-2DA0-4DA6-963F-BC8139F925D7}.Debug|Any CPU.ActiveCfg = Debug|Any CPU
		{A050FCA3-2DA0-4DA6-963F-BC8139F925D7}.Debug|Any CPU.Build.0 = Debug|Any CPU
		{A050FCA3-2DA0-4DA6-963F-BC8139F925D7}.Release|Any CPU.ActiveCfg = Release|Any CPU
		{A050FCA3-2DA0-4DA6-963F-BC8139F925D7}.Release|Any CPU.Build.0 = Release|Any CPU
	EndGlobalSection
	GlobalSection(SolutionProperties) = preSolution
		HideSolutionNode = FALSE
	EndGlobalSection
	GlobalSection(NestedProjects) = preSolution
		{6158D242-CAC9-426B-A2F1-DD2AE406CD82} = {9C053067-08F2-4EDB-A0D4-45351842D28C}
		{395C5E3B-A26F-46E0-8B96-8E3BE8997638} = {08CA4F18-EA3B-4D35-87C0-DB4766BD759B}
		{934A9053-1930-497C-A288-60AB938971E4} = {AB4FFA07-826E-4FEB-90CC-A3029830F56E}
		{B7A7E8F6-991B-4B51-BDD9-7C23B94C9E1C} = {AB4FFA07-826E-4FEB-90CC-A3029830F56E}
		{CF3EB694-A279-4009-96B7-41DCE3A9FAD6} = {AB4FFA07-826E-4FEB-90CC-A3029830F56E}
		{6C642094-6A98-44DB-9C1B-AECD0D157C31} = {B521C768-8502-438A-973E-4B1B05F68EB2}
		{584D2068-8B46-42F3-98F2-552439E6E0B1} = {B521C768-8502-438A-973E-4B1B05F68EB2}
		{8F0B0096-3B34-438F-B5DC-FAD2BB655648} = {B521C768-8502-438A-973E-4B1B05F68EB2}
		{146287F3-5023-48AB-A592-BD75B7F10A1A} = {A0247CAA-C1AD-46EF-83DB-CA50F6157335}
		{6875E7DE-CDC3-4993-8E85-3AE6157DFF90} = {A0247CAA-C1AD-46EF-83DB-CA50F6157335}
		{D3D714A8-5A58-4243-BF9E-A7EF4EA4AF58} = {A0247CAA-C1AD-46EF-83DB-CA50F6157335}
		{C8D792BB-7CCD-4DB8-9AE4-FB245FCDBE82} = {36418439-39C3-49F7-B0DA-EAC9ACF195A6}
		{3501A4AB-11A9-4864-BA0F-5934CB3F7AA6} = {36418439-39C3-49F7-B0DA-EAC9ACF195A6}
		{0B322EF0-E9F0-4531-B0BE-2322DDA75048} = {36418439-39C3-49F7-B0DA-EAC9ACF195A6}
		{ADAAE821-ED1E-4A6F-8D8B-CE7F65D2ABE0} = {91B9B5B6-4C17-42CB-B6F4-9457AE08475E}
		{5A909EF4-FAAF-4956-8B94-737064DF98A1} = {91B9B5B6-4C17-42CB-B6F4-9457AE08475E}
		{6129D60C-0E73-4394-8C73-3FD9626DC161} = {91B9B5B6-4C17-42CB-B6F4-9457AE08475E}
		{68738DB4-759B-41C7-B8F2-B35CFFAA5385} = {F20C799C-DA0D-49D8-A4D8-E89568963CA9}
		{405F3472-D8FF-464C-8A09-A7976FF8BB10} = {F20C799C-DA0D-49D8-A4D8-E89568963CA9}
		{A050FCA3-2DA0-4DA6-963F-BC8139F925D7} = {F20C799C-DA0D-49D8-A4D8-E89568963CA9}
	EndGlobalSection
	GlobalSection(ExtensibilityGlobals) = postSolution
		SolutionGuid = {DE9B92F3-E8E8-4378-BCF9-4F5CCBEE6903}
	EndGlobalSection
EndGlobal
